// !$*UTF8*$!
{
	archiveVersion = 1;
	classes = {
	};
	objectVersion = 56;
	objects = {

/* Begin PBXBuildFile section */
		4C378AC82A6552270085C9D8 /* AgentCard.swift in Sources */ = {isa = PBXBuildFile; fileRef = 4C378AC72A6552270085C9D8 /* AgentCard.swift */; };
		4C378ACB2A65551A0085C9D8 /* ImageComponent.swift in Sources */ = {isa = PBXBuildFile; fileRef = 4C378ACA2A65551A0085C9D8 /* ImageComponent.swift */; };
		4C5C70442A657A30005F903C /* AudioComponent.swift in Sources */ = {isa = PBXBuildFile; fileRef = 4C5C70432A657A30005F903C /* AudioComponent.swift */; };
		4C5C70462A6599C6005F903C /* SectionComponent.swift in Sources */ = {isa = PBXBuildFile; fileRef = 4C5C70452A6599C6005F903C /* SectionComponent.swift */; };
		4C5C70482A659B6F005F903C /* HeadingComponent.swift in Sources */ = {isa = PBXBuildFile; fileRef = 4C5C70472A659B6F005F903C /* HeadingComponent.swift */; };
		4C690C3A2A65DCA400BFE0B3 /* AgentsView.swift in Sources */ = {isa = PBXBuildFile; fileRef = 4C690C392A65DCA400BFE0B3 /* AgentsView.swift */; };
		4C690C3C2A65E1CF00BFE0B3 /* Weapons.swift in Sources */ = {isa = PBXBuildFile; fileRef = 4C690C3B2A65E1CF00BFE0B3 /* Weapons.swift */; };
		4C690C3E2A65E9E900BFE0B3 /* WeaponsView.swift in Sources */ = {isa = PBXBuildFile; fileRef = 4C690C3D2A65E9E900BFE0B3 /* WeaponsView.swift */; };
		4C690C402A65EA0900BFE0B3 /* HeaderComponent.swift in Sources */ = {isa = PBXBuildFile; fileRef = 4C690C3F2A65EA0900BFE0B3 /* HeaderComponent.swift */; };
		4C690C442A65F64300BFE0B3 /* WeaponCard.swift in Sources */ = {isa = PBXBuildFile; fileRef = 4C690C432A65F64300BFE0B3 /* WeaponCard.swift */; };
		4CC406AB2A66A9E7008E67E4 /* Seperator.swift in Sources */ = {isa = PBXBuildFile; fileRef = 4CC406AA2A66A9E7008E67E4 /* Seperator.swift */; };
		4CC406AD2A66B353008E67E4 /* StatComponent.swift in Sources */ = {isa = PBXBuildFile; fileRef = 4CC406AC2A66B353008E67E4 /* StatComponent.swift */; };
		4CD7E8262A66E78E004ADEC2 /* StatChangeComponent.swift in Sources */ = {isa = PBXBuildFile; fileRef = 4CD7E8252A66E78E004ADEC2 /* StatChangeComponent.swift */; };
		4CF647662A65196B00BE58DD /* AgentArchiveApp.swift in Sources */ = {isa = PBXBuildFile; fileRef = 4CF647652A65196B00BE58DD /* AgentArchiveApp.swift */; };
		4CF647682A65196B00BE58DD /* ContentView.swift in Sources */ = {isa = PBXBuildFile; fileRef = 4CF647672A65196B00BE58DD /* ContentView.swift */; };
		4CF6476A2A65196D00BE58DD /* Assets.xcassets in Resources */ = {isa = PBXBuildFile; fileRef = 4CF647692A65196D00BE58DD /* Assets.xcassets */; };
		4CF6476D2A65196D00BE58DD /* Preview Assets.xcassets in Resources */ = {isa = PBXBuildFile; fileRef = 4CF6476C2A65196D00BE58DD /* Preview Assets.xcassets */; };
		4CF647752A6519D500BE58DD /* LaunchView.swift in Sources */ = {isa = PBXBuildFile; fileRef = 4CF647742A6519D500BE58DD /* LaunchView.swift */; };
		4CF647772A651D6400BE58DD /* Extensions.swift in Sources */ = {isa = PBXBuildFile; fileRef = 4CF647762A651D6400BE58DD /* Extensions.swift */; };
		4CF647792A651E2F00BE58DD /* Home.swift in Sources */ = {isa = PBXBuildFile; fileRef = 4CF647782A651E2F00BE58DD /* Home.swift */; };
		4CF6477D2A65325700BE58DD /* Agents.swift in Sources */ = {isa = PBXBuildFile; fileRef = 4CF6477C2A65325700BE58DD /* Agents.swift */; };
		4CF6477F2A65356C00BE58DD /* ViewModel.swift in Sources */ = {isa = PBXBuildFile; fileRef = 4CF6477E2A65356C00BE58DD /* ViewModel.swift */; };
		4CF901902A6D15E100C5D81C /* MapsView.swift in Sources */ = {isa = PBXBuildFile; fileRef = 4CF9018F2A6D15E100C5D81C /* MapsView.swift */; };
		4CF901922A6D15EF00C5D81C /* MapCard.swift in Sources */ = {isa = PBXBuildFile; fileRef = 4CF901912A6D15EF00C5D81C /* MapCard.swift */; };
		4CF901942A6D191A00C5D81C /* Maps.swift in Sources */ = {isa = PBXBuildFile; fileRef = 4CF901932A6D191A00C5D81C /* Maps.swift */; };
		4CFA0CCA2A66C63A005A3518 /* StatBarComponent.swift in Sources */ = {isa = PBXBuildFile; fileRef = 4CFA0CC92A66C63A005A3518 /* StatBarComponent.swift */; };
/* End PBXBuildFile section */

/* Begin PBXFileReference section */
		4C378AC72A6552270085C9D8 /* AgentCard.swift */ = {isa = PBXFileReference; lastKnownFileType = sourcecode.swift; path = AgentCard.swift; sourceTree = "<group>"; };
		4C378ACA2A65551A0085C9D8 /* ImageComponent.swift */ = {isa = PBXFileReference; lastKnownFileType = sourcecode.swift; path = ImageComponent.swift; sourceTree = "<group>"; };
		4C5C70432A657A30005F903C /* AudioComponent.swift */ = {isa = PBXFileReference; lastKnownFileType = sourcecode.swift; path = AudioComponent.swift; sourceTree = "<group>"; };
		4C5C70452A6599C6005F903C /* SectionComponent.swift */ = {isa = PBXFileReference; lastKnownFileType = sourcecode.swift; path = SectionComponent.swift; sourceTree = "<group>"; };
		4C5C70472A659B6F005F903C /* HeadingComponent.swift */ = {isa = PBXFileReference; lastKnownFileType = sourcecode.swift; path = HeadingComponent.swift; sourceTree = "<group>"; };
		4C690C392A65DCA400BFE0B3 /* AgentsView.swift */ = {isa = PBXFileReference; lastKnownFileType = sourcecode.swift; path = AgentsView.swift; sourceTree = "<group>"; };
		4C690C3B2A65E1CF00BFE0B3 /* Weapons.swift */ = {isa = PBXFileReference; lastKnownFileType = sourcecode.swift; path = Weapons.swift; sourceTree = "<group>"; };
		4C690C3D2A65E9E900BFE0B3 /* WeaponsView.swift */ = {isa = PBXFileReference; lastKnownFileType = sourcecode.swift; path = WeaponsView.swift; sourceTree = "<group>"; };
		4C690C3F2A65EA0900BFE0B3 /* HeaderComponent.swift */ = {isa = PBXFileReference; lastKnownFileType = sourcecode.swift; path = HeaderComponent.swift; sourceTree = "<group>"; };
		4C690C432A65F64300BFE0B3 /* WeaponCard.swift */ = {isa = PBXFileReference; lastKnownFileType = sourcecode.swift; path = WeaponCard.swift; sourceTree = "<group>"; };
		4CC406AA2A66A9E7008E67E4 /* Seperator.swift */ = {isa = PBXFileReference; lastKnownFileType = sourcecode.swift; path = Seperator.swift; sourceTree = "<group>"; };
		4CC406AC2A66B353008E67E4 /* StatComponent.swift */ = {isa = PBXFileReference; lastKnownFileType = sourcecode.swift; path = StatComponent.swift; sourceTree = "<group>"; };
		4CD7E8252A66E78E004ADEC2 /* StatChangeComponent.swift */ = {isa = PBXFileReference; lastKnownFileType = sourcecode.swift; path = StatChangeComponent.swift; sourceTree = "<group>"; };
		4CF647622A65196B00BE58DD /* AgentArchive.app */ = {isa = PBXFileReference; explicitFileType = wrapper.application; includeInIndex = 0; path = AgentArchive.app; sourceTree = BUILT_PRODUCTS_DIR; };
		4CF647652A65196B00BE58DD /* AgentArchiveApp.swift */ = {isa = PBXFileReference; lastKnownFileType = sourcecode.swift; path = AgentArchiveApp.swift; sourceTree = "<group>"; };
		4CF647672A65196B00BE58DD /* ContentView.swift */ = {isa = PBXFileReference; lastKnownFileType = sourcecode.swift; path = ContentView.swift; sourceTree = "<group>"; };
		4CF647692A65196D00BE58DD /* Assets.xcassets */ = {isa = PBXFileReference; lastKnownFileType = folder.assetcatalog; path = Assets.xcassets; sourceTree = "<group>"; };
		4CF6476C2A65196D00BE58DD /* Preview Assets.xcassets */ = {isa = PBXFileReference; lastKnownFileType = folder.assetcatalog; path = "Preview Assets.xcassets"; sourceTree = "<group>"; };
		4CF647742A6519D500BE58DD /* LaunchView.swift */ = {isa = PBXFileReference; lastKnownFileType = sourcecode.swift; path = LaunchView.swift; sourceTree = "<group>"; };
		4CF647762A651D6400BE58DD /* Extensions.swift */ = {isa = PBXFileReference; lastKnownFileType = sourcecode.swift; path = Extensions.swift; sourceTree = "<group>"; };
		4CF647782A651E2F00BE58DD /* Home.swift */ = {isa = PBXFileReference; lastKnownFileType = sourcecode.swift; path = Home.swift; sourceTree = "<group>"; };
		4CF6477C2A65325700BE58DD /* Agents.swift */ = {isa = PBXFileReference; lastKnownFileType = sourcecode.swift; path = Agents.swift; sourceTree = "<group>"; };
		4CF6477E2A65356C00BE58DD /* ViewModel.swift */ = {isa = PBXFileReference; lastKnownFileType = sourcecode.swift; path = ViewModel.swift; sourceTree = "<group>"; };
		4CF9018F2A6D15E100C5D81C /* MapsView.swift */ = {isa = PBXFileReference; lastKnownFileType = sourcecode.swift; path = MapsView.swift; sourceTree = "<group>"; };
		4CF901912A6D15EF00C5D81C /* MapCard.swift */ = {isa = PBXFileReference; lastKnownFileType = sourcecode.swift; path = MapCard.swift; sourceTree = "<group>"; };
		4CF901932A6D191A00C5D81C /* Maps.swift */ = {isa = PBXFileReference; lastKnownFileType = sourcecode.swift; path = Maps.swift; sourceTree = "<group>"; };
		4CFA0CC92A66C63A005A3518 /* StatBarComponent.swift */ = {isa = PBXFileReference; lastKnownFileType = sourcecode.swift; path = StatBarComponent.swift; sourceTree = "<group>"; };
/* End PBXFileReference section */

/* Begin PBXFrameworksBuildPhase section */
		4CF6475F2A65196B00BE58DD /* Frameworks */ = {
			isa = PBXFrameworksBuildPhase;
			buildActionMask = 2147483647;
			files = (
			);
			runOnlyForDeploymentPostprocessing = 0;
		};
/* End PBXFrameworksBuildPhase section */

/* Begin PBXGroup section */
		4C378AC92A65550C0085C9D8 /* Component */ = {
			isa = PBXGroup;
			children = (
				4C378ACA2A65551A0085C9D8 /* ImageComponent.swift */,
				4C5C70432A657A30005F903C /* AudioComponent.swift */,
				4C5C70452A6599C6005F903C /* SectionComponent.swift */,
				4C5C70472A659B6F005F903C /* HeadingComponent.swift */,
				4C690C3F2A65EA0900BFE0B3 /* HeaderComponent.swift */,
				4CC406AA2A66A9E7008E67E4 /* Seperator.swift */,
				4CC406AC2A66B353008E67E4 /* StatComponent.swift */,
				4CFA0CC92A66C63A005A3518 /* StatBarComponent.swift */,
				4CD7E8252A66E78E004ADEC2 /* StatChangeComponent.swift */,
			);
			path = Component;
			sourceTree = "<group>";
		};
		4C690C412A65F62200BFE0B3 /* AgentTabs */ = {
			isa = PBXGroup;
			children = (
				4C378AC72A6552270085C9D8 /* AgentCard.swift */,
				4C690C392A65DCA400BFE0B3 /* AgentsView.swift */,
			);
			path = AgentTabs;
			sourceTree = "<group>";
		};
		4C690C422A65F63100BFE0B3 /* WeaponTab */ = {
			isa = PBXGroup;
			children = (
				4C690C3D2A65E9E900BFE0B3 /* WeaponsView.swift */,
				4C690C432A65F64300BFE0B3 /* WeaponCard.swift */,
			);
			path = WeaponTab;
			sourceTree = "<group>";
		};
		4CF647592A65196B00BE58DD = {
			isa = PBXGroup;
			children = (
				4CF647642A65196B00BE58DD /* AgentArchive */,
				4CF647632A65196B00BE58DD /* Products */,
			);
			sourceTree = "<group>";
		};
		4CF647632A65196B00BE58DD /* Products */ = {
			isa = PBXGroup;
			children = (
				4CF647622A65196B00BE58DD /* AgentArchive.app */,
			);
			name = Products;
			sourceTree = "<group>";
		};
		4CF647642A65196B00BE58DD /* AgentArchive */ = {
			isa = PBXGroup;
			children = (
				4C378AC92A65550C0085C9D8 /* Component */,
				4CF6477B2A65321200BE58DD /* ViewModels */,
				4CF6477A2A65320B00BE58DD /* Models */,
				4CF647732A6519C600BE58DD /* View */,
				4CF647652A65196B00BE58DD /* AgentArchiveApp.swift */,
				4CF647672A65196B00BE58DD /* ContentView.swift */,
				4CF647692A65196D00BE58DD /* Assets.xcassets */,
				4CF647762A651D6400BE58DD /* Extensions.swift */,
				4CF6476B2A65196D00BE58DD /* Preview Content */,
			);
			path = AgentArchive;
			sourceTree = "<group>";
		};
		4CF6476B2A65196D00BE58DD /* Preview Content */ = {
			isa = PBXGroup;
			children = (
				4CF6476C2A65196D00BE58DD /* Preview Assets.xcassets */,
			);
			path = "Preview Content";
			sourceTree = "<group>";
		};
		4CF647732A6519C600BE58DD /* View */ = {
			isa = PBXGroup;
			children = (
				4CF9018E2A6D15C400C5D81C /* MapTab */,
				4C690C422A65F63100BFE0B3 /* WeaponTab */,
				4C690C412A65F62200BFE0B3 /* AgentTabs */,
				4CF647742A6519D500BE58DD /* LaunchView.swift */,
				4CF647782A651E2F00BE58DD /* Home.swift */,
			);
			path = View;
			sourceTree = "<group>";
		};
		4CF6477A2A65320B00BE58DD /* Models */ = {
			isa = PBXGroup;
			children = (
				4CF6477C2A65325700BE58DD /* Agents.swift */,
				4C690C3B2A65E1CF00BFE0B3 /* Weapons.swift */,
				4CF901932A6D191A00C5D81C /* Maps.swift */,
			);
			path = Models;
			sourceTree = "<group>";
		};
		4CF6477B2A65321200BE58DD /* ViewModels */ = {
			isa = PBXGroup;
			children = (
				4CF6477E2A65356C00BE58DD /* ViewModel.swift */,
			);
			path = ViewModels;
			sourceTree = "<group>";
		};
		4CF9018E2A6D15C400C5D81C /* MapTab */ = {
			isa = PBXGroup;
			children = (
				4CF9018F2A6D15E100C5D81C /* MapsView.swift */,
				4CF901912A6D15EF00C5D81C /* MapCard.swift */,
			);
			path = MapTab;
			sourceTree = "<group>";
		};
/* End PBXGroup section */

/* Begin PBXNativeTarget section */
		4CF647612A65196B00BE58DD /* AgentArchive */ = {
			isa = PBXNativeTarget;
			buildConfigurationList = 4CF647702A65196D00BE58DD /* Build configuration list for PBXNativeTarget "AgentArchive" */;
			buildPhases = (
				4CF6475E2A65196B00BE58DD /* Sources */,
				4CF6475F2A65196B00BE58DD /* Frameworks */,
				4CF647602A65196B00BE58DD /* Resources */,
			);
			buildRules = (
			);
			dependencies = (
			);
			name = AgentArchive;
			packageProductDependencies = (
			);
			productName = AgentArchive;
			productReference = 4CF647622A65196B00BE58DD /* AgentArchive.app */;
			productType = "com.apple.product-type.application";
		};
/* End PBXNativeTarget section */

/* Begin PBXProject section */
		4CF6475A2A65196B00BE58DD /* Project object */ = {
			isa = PBXProject;
			attributes = {
				BuildIndependentTargetsInParallel = 1;
				LastSwiftUpdateCheck = 1430;
				LastUpgradeCheck = 1430;
				TargetAttributes = {
					4CF647612A65196B00BE58DD = {
						CreatedOnToolsVersion = 14.3.1;
					};
				};
			};
			buildConfigurationList = 4CF6475D2A65196B00BE58DD /* Build configuration list for PBXProject "AgentArchive" */;
			compatibilityVersion = "Xcode 14.0";
			developmentRegion = en;
			hasScannedForEncodings = 0;
			knownRegions = (
				en,
				Base,
			);
			mainGroup = 4CF647592A65196B00BE58DD;
			packageReferences = (
			);
			productRefGroup = 4CF647632A65196B00BE58DD /* Products */;
			projectDirPath = "";
			projectRoot = "";
			targets = (
				4CF647612A65196B00BE58DD /* AgentArchive */,
			);
		};
/* End PBXProject section */

/* Begin PBXResourcesBuildPhase section */
		4CF647602A65196B00BE58DD /* Resources */ = {
			isa = PBXResourcesBuildPhase;
			buildActionMask = 2147483647;
			files = (
				4CF6476D2A65196D00BE58DD /* Preview Assets.xcassets in Resources */,
				4CF6476A2A65196D00BE58DD /* Assets.xcassets in Resources */,
			);
			runOnlyForDeploymentPostprocessing = 0;
		};
/* End PBXResourcesBuildPhase section */

/* Begin PBXSourcesBuildPhase section */
		4CF6475E2A65196B00BE58DD /* Sources */ = {
			isa = PBXSourcesBuildPhase;
			buildActionMask = 2147483647;
			files = (
				4CD7E8262A66E78E004ADEC2 /* StatChangeComponent.swift in Sources */,
				4CC406AD2A66B353008E67E4 /* StatComponent.swift in Sources */,
				4C690C442A65F64300BFE0B3 /* WeaponCard.swift in Sources */,
				4CF901902A6D15E100C5D81C /* MapsView.swift in Sources */,
				4C378ACB2A65551A0085C9D8 /* ImageComponent.swift in Sources */,
				4CF647682A65196B00BE58DD /* ContentView.swift in Sources */,
				4CF901922A6D15EF00C5D81C /* MapCard.swift in Sources */,
				4CF647752A6519D500BE58DD /* LaunchView.swift in Sources */,
				4C690C3E2A65E9E900BFE0B3 /* WeaponsView.swift in Sources */,
				4CC406AB2A66A9E7008E67E4 /* Seperator.swift in Sources */,
				4CF647792A651E2F00BE58DD /* Home.swift in Sources */,
				4C5C70442A657A30005F903C /* AudioComponent.swift in Sources */,
				4CFA0CCA2A66C63A005A3518 /* StatBarComponent.swift in Sources */,
				4C378AC82A6552270085C9D8 /* AgentCard.swift in Sources */,
				4CF901942A6D191A00C5D81C /* Maps.swift in Sources */,
				4CF6477D2A65325700BE58DD /* Agents.swift in Sources */,
				4CF647662A65196B00BE58DD /* AgentArchiveApp.swift in Sources */,
				4C690C3A2A65DCA400BFE0B3 /* AgentsView.swift in Sources */,
				4C690C3C2A65E1CF00BFE0B3 /* Weapons.swift in Sources */,
				4C5C70482A659B6F005F903C /* HeadingComponent.swift in Sources */,
				4C690C402A65EA0900BFE0B3 /* HeaderComponent.swift in Sources */,
				4CF647772A651D6400BE58DD /* Extensions.swift in Sources */,
				4C5C70462A6599C6005F903C /* SectionComponent.swift in Sources */,
				4CF6477F2A65356C00BE58DD /* ViewModel.swift in Sources */,
			);
			runOnlyForDeploymentPostprocessing = 0;
		};
/* End PBXSourcesBuildPhase section */

/* Begin XCBuildConfiguration section */
		4CF6476E2A65196D00BE58DD /* Debug */ = {
			isa = XCBuildConfiguration;
			buildSettings = {
				ALWAYS_SEARCH_USER_PATHS = NO;
				CLANG_ANALYZER_NONNULL = YES;
				CLANG_ANALYZER_NUMBER_OBJECT_CONVERSION = YES_AGGRESSIVE;
				CLANG_CXX_LANGUAGE_STANDARD = "gnu++20";
				CLANG_ENABLE_MODULES = YES;
				CLANG_ENABLE_OBJC_ARC = YES;
				CLANG_ENABLE_OBJC_WEAK = YES;
				CLANG_WARN_BLOCK_CAPTURE_AUTORELEASING = YES;
				CLANG_WARN_BOOL_CONVERSION = YES;
				CLANG_WARN_COMMA = YES;
				CLANG_WARN_CONSTANT_CONVERSION = YES;
				CLANG_WARN_DEPRECATED_OBJC_IMPLEMENTATIONS = YES;
				CLANG_WARN_DIRECT_OBJC_ISA_USAGE = YES_ERROR;
				CLANG_WARN_DOCUMENTATION_COMMENTS = YES;
				CLANG_WARN_EMPTY_BODY = YES;
				CLANG_WARN_ENUM_CONVERSION = YES;
				CLANG_WARN_INFINITE_RECURSION = YES;
				CLANG_WARN_INT_CONVERSION = YES;
				CLANG_WARN_NON_LITERAL_NULL_CONVERSION = YES;
				CLANG_WARN_OBJC_IMPLICIT_RETAIN_SELF = YES;
				CLANG_WARN_OBJC_LITERAL_CONVERSION = YES;
				CLANG_WARN_OBJC_ROOT_CLASS = YES_ERROR;
				CLANG_WARN_QUOTED_INCLUDE_IN_FRAMEWORK_HEADER = YES;
				CLANG_WARN_RANGE_LOOP_ANALYSIS = YES;
				CLANG_WARN_STRICT_PROTOTYPES = YES;
				CLANG_WARN_SUSPICIOUS_MOVE = YES;
				CLANG_WARN_UNGUARDED_AVAILABILITY = YES_AGGRESSIVE;
				CLANG_WARN_UNREACHABLE_CODE = YES;
				CLANG_WARN__DUPLICATE_METHOD_MATCH = YES;
				COPY_PHASE_STRIP = NO;
				DEBUG_INFORMATION_FORMAT = dwarf;
				ENABLE_STRICT_OBJC_MSGSEND = YES;
				ENABLE_TESTABILITY = YES;
				GCC_C_LANGUAGE_STANDARD = gnu11;
				GCC_DYNAMIC_NO_PIC = NO;
				GCC_NO_COMMON_BLOCKS = YES;
				GCC_OPTIMIZATION_LEVEL = 0;
				GCC_PREPROCESSOR_DEFINITIONS = (
					"DEBUG=1",
					"$(inherited)",
				);
				GCC_WARN_64_TO_32_BIT_CONVERSION = YES;
				GCC_WARN_ABOUT_RETURN_TYPE = YES_ERROR;
				GCC_WARN_UNDECLARED_SELECTOR = YES;
				GCC_WARN_UNINITIALIZED_AUTOS = YES_AGGRESSIVE;
				GCC_WARN_UNUSED_FUNCTION = YES;
				GCC_WARN_UNUSED_VARIABLE = YES;
				IPHONEOS_DEPLOYMENT_TARGET = 16.4;
				MTL_ENABLE_DEBUG_INFO = INCLUDE_SOURCE;
				MTL_FAST_MATH = YES;
				ONLY_ACTIVE_ARCH = YES;
				SDKROOT = iphoneos;
				SWIFT_ACTIVE_COMPILATION_CONDITIONS = DEBUG;
				SWIFT_OPTIMIZATION_LEVEL = "-Onone";
			};
			name = Debug;
		};
		4CF6476F2A65196D00BE58DD /* Release */ = {
			isa = XCBuildConfiguration;
			buildSettings = {
				ALWAYS_SEARCH_USER_PATHS = NO;
				CLANG_ANALYZER_NONNULL = YES;
				CLANG_ANALYZER_NUMBER_OBJECT_CONVERSION = YES_AGGRESSIVE;
				CLANG_CXX_LANGUAGE_STANDARD = "gnu++20";
				CLANG_ENABLE_MODULES = YES;
				CLANG_ENABLE_OBJC_ARC = YES;
				CLANG_ENABLE_OBJC_WEAK = YES;
				CLANG_WARN_BLOCK_CAPTURE_AUTORELEASING = YES;
				CLANG_WARN_BOOL_CONVERSION = YES;
				CLANG_WARN_COMMA = YES;
				CLANG_WARN_CONSTANT_CONVERSION = YES;
				CLANG_WARN_DEPRECATED_OBJC_IMPLEMENTATIONS = YES;
				CLANG_WARN_DIRECT_OBJC_ISA_USAGE = YES_ERROR;
				CLANG_WARN_DOCUMENTATION_COMMENTS = YES;
				CLANG_WARN_EMPTY_BODY = YES;
				CLANG_WARN_ENUM_CONVERSION = YES;
				CLANG_WARN_INFINITE_RECURSION = YES;
				CLANG_WARN_INT_CONVERSION = YES;
				CLANG_WARN_NON_LITERAL_NULL_CONVERSION = YES;
				CLANG_WARN_OBJC_IMPLICIT_RETAIN_SELF = YES;
				CLANG_WARN_OBJC_LITERAL_CONVERSION = YES;
				CLANG_WARN_OBJC_ROOT_CLASS = YES_ERROR;
				CLANG_WARN_QUOTED_INCLUDE_IN_FRAMEWORK_HEADER = YES;
				CLANG_WARN_RANGE_LOOP_ANALYSIS = YES;
				CLANG_WARN_STRICT_PROTOTYPES = YES;
				CLANG_WARN_SUSPICIOUS_MOVE = YES;
				CLANG_WARN_UNGUARDED_AVAILABILITY = YES_AGGRESSIVE;
				CLANG_WARN_UNREACHABLE_CODE = YES;
				CLANG_WARN__DUPLICATE_METHOD_MATCH = YES;
				COPY_PHASE_STRIP = NO;
				DEBUG_INFORMATION_FORMAT = "dwarf-with-dsym";
				ENABLE_NS_ASSERTIONS = NO;
				ENABLE_STRICT_OBJC_MSGSEND = YES;
				GCC_C_LANGUAGE_STANDARD = gnu11;
				GCC_NO_COMMON_BLOCKS = YES;
				GCC_WARN_64_TO_32_BIT_CONVERSION = YES;
				GCC_WARN_ABOUT_RETURN_TYPE = YES_ERROR;
				GCC_WARN_UNDECLARED_SELECTOR = YES;
				GCC_WARN_UNINITIALIZED_AUTOS = YES_AGGRESSIVE;
				GCC_WARN_UNUSED_FUNCTION = YES;
				GCC_WARN_UNUSED_VARIABLE = YES;
				IPHONEOS_DEPLOYMENT_TARGET = 16.4;
				MTL_ENABLE_DEBUG_INFO = NO;
				MTL_FAST_MATH = YES;
				SDKROOT = iphoneos;
				SWIFT_COMPILATION_MODE = wholemodule;
				SWIFT_OPTIMIZATION_LEVEL = "-O";
				VALIDATE_PRODUCT = YES;
			};
			name = Release;
		};
		4CF647712A65196D00BE58DD /* Debug */ = {
			isa = XCBuildConfiguration;
			buildSettings = {
				ASSETCATALOG_COMPILER_APPICON_NAME = AppIcon;
				ASSETCATALOG_COMPILER_GLOBAL_ACCENT_COLOR_NAME = AccentColor;
				CODE_SIGN_STYLE = Automatic;
				CURRENT_PROJECT_VERSION = 1;
				DEVELOPMENT_ASSET_PATHS = "\"AgentArchive/Preview Content\"";
				DEVELOPMENT_TEAM = 49UBR776XG;
				ENABLE_PREVIEWS = YES;
				GENERATE_INFOPLIST_FILE = YES;
				INFOPLIST_KEY_UIApplicationSceneManifest_Generation = YES;
				INFOPLIST_KEY_UIApplicationSupportsIndirectInputEvents = YES;
				INFOPLIST_KEY_UILaunchScreen_Generation = YES;
				INFOPLIST_KEY_UISupportedInterfaceOrientations_iPad = "UIInterfaceOrientationPortrait UIInterfaceOrientationPortraitUpsideDown UIInterfaceOrientationLandscapeLeft UIInterfaceOrientationLandscapeRight";
				INFOPLIST_KEY_UISupportedInterfaceOrientations_iPhone = "UIInterfaceOrientationPortrait UIInterfaceOrientationLandscapeLeft UIInterfaceOrientationLandscapeRight";
				LD_RUNPATH_SEARCH_PATHS = (
					"$(inherited)",
					"@executable_path/Frameworks",
				);
				MARKETING_VERSION = 1.0;
				PRODUCT_BUNDLE_IDENTIFIER = "Saarthak-Tuli.AgentArchive";
				PRODUCT_NAME = "$(TARGET_NAME)";
				SWIFT_EMIT_LOC_STRINGS = YES;
				SWIFT_VERSION = 5.0;
				TARGETED_DEVICE_FAMILY = "1,2";
			};
			name = Debug;
		};
		4CF647722A65196D00BE58DD /* Release */ = {
			isa = XCBuildConfiguration;
			buildSettings = {
				ASSETCATALOG_COMPILER_APPICON_NAME = AppIcon;
				ASSETCATALOG_COMPILER_GLOBAL_ACCENT_COLOR_NAME = AccentColor;
				CODE_SIGN_STYLE = Automatic;
				CURRENT_PROJECT_VERSION = 1;
				DEVELOPMENT_ASSET_PATHS = "\"AgentArchive/Preview Content\"";
				DEVELOPMENT_TEAM = 49UBR776XG;
				ENABLE_PREVIEWS = YES;
				GENERATE_INFOPLIST_FILE = YES;
				INFOPLIST_KEY_UIApplicationSceneManifest_Generation = YES;
				INFOPLIST_KEY_UIApplicationSupportsIndirectInputEvents = YES;
				INFOPLIST_KEY_UILaunchScreen_Generation = YES;
				INFOPLIST_KEY_UISupportedInterfaceOrientations_iPad = "UIInterfaceOrientationPortrait UIInterfaceOrientationPortraitUpsideDown UIInterfaceOrientationLandscapeLeft UIInterfaceOrientationLandscapeRight";
				INFOPLIST_KEY_UISupportedInterfaceOrientations_iPhone = "UIInterfaceOrientationPortrait UIInterfaceOrientationLandscapeLeft UIInterfaceOrientationLandscapeRight";
				LD_RUNPATH_SEARCH_PATHS = (
					"$(inherited)",
					"@executable_path/Frameworks",
				);
				MARKETING_VERSION = 1.0;
				PRODUCT_BUNDLE_IDENTIFIER = "Saarthak-Tuli.AgentArchive";
				PRODUCT_NAME = "$(TARGET_NAME)";
				SWIFT_EMIT_LOC_STRINGS = YES;
				SWIFT_VERSION = 5.0;
				TARGETED_DEVICE_FAMILY = "1,2";
			};
			name = Release;
		};
/* End XCBuildConfiguration section */

/* Begin XCConfigurationList section */
		4CF6475D2A65196B00BE58DD /* Build configuration list for PBXProject "AgentArchive" */ = {
			isa = XCConfigurationList;
			buildConfigurations = (
				4CF6476E2A65196D00BE58DD /* Debug */,
				4CF6476F2A65196D00BE58DD /* Release */,
			);
			defaultConfigurationIsVisible = 0;
			defaultConfigurationName = Release;
		};
		4CF647702A65196D00BE58DD /* Build configuration list for PBXNativeTarget "AgentArchive" */ = {
			isa = XCConfigurationList;
			buildConfigurations = (
				4CF647712A65196D00BE58DD /* Debug */,
				4CF647722A65196D00BE58DD /* Release */,
			);
			defaultConfigurationIsVisible = 0;
			defaultConfigurationName = Release;
		};
/* End XCConfigurationList section */
	};
	rootObject = 4CF6475A2A65196B00BE58DD /* Project object */;
}
